
Microsoft Visual Studio Solution File, Format Version 12.00
# Visual Studio 2012
Project("{FAE04EC0-301F-11D3-BF4B-00C04F79EFBC}") = "MongoDBProjectLibrary", "MongoDBProjectLibrary\MongoDBProjectLibrary.csproj", "{8BAC072F-E095-4919-9171-C0F172A4967B}"
EndProject
Global
	GlobalSection(SolutionConfigurationPlatforms) = preSolution
		Debug|Any CPU = Debug|Any CPU
		Release|Any CPU = Release|Any CPU
	EndGlobalSection
	GlobalSection(ProjectConfigurationPlatforms) = postSolution
		{8BAC072F-E095-4919-9171-C0F172A4967B}.Debug|Any CPU.ActiveCfg = Debug|Any CPU
		{8BAC072F-E095-4919-9171-C0F172A4967B}.Debug|Any CPU.Build.0 = Debug|Any CPU
		{8BAC072F-E095-4919-9171-C0F172A4967B}.Release|Any CPU.ActiveCfg = Release|Any CPU
		{8BAC072F-E095-4919-9171-C0F172A4967B}.Release|Any CPU.Build.0 = Release|Any CPU
	EndGlobalSection
	GlobalSection(SolutionProperties) = preSolution
		HideSolutionNode = FALSE
	EndGlobalSection
EndGlobal
